// !$*UTF8*$!
{
	archiveVersion = 1;
	classes = {
	};
	objectVersion = 46;
	objects = {

/* Begin PBXBuildFile section */
		4C53EEEB1EEA45E9007146BF /* libc++.tbd in Frameworks */ = {isa = PBXBuildFile; fileRef = 4C53EEEA1EEA45E9007146BF /* libc++.tbd */; };
		A418759D1B34B93200A542E1 /* SettingsViewController.swift in Sources */ = {isa = PBXBuildFile; fileRef = A418759C1B34B93200A542E1 /* SettingsViewController.swift */; };
		A41875A11B34C05E00A542E1 /* TableViewSwitchCell.swift in Sources */ = {isa = PBXBuildFile; fileRef = A41875A01B34C05E00A542E1 /* TableViewSwitchCell.swift */; };
		A41875A31B34CEE300A542E1 /* IPAddressViewController.swift in Sources */ = {isa = PBXBuildFile; fileRef = A41875A21B34CEE300A542E1 /* IPAddressViewController.swift */; };
		A41875A51B34D41F00A542E1 /* PortNumberViewController.swift in Sources */ = {isa = PBXBuildFile; fileRef = A41875A41B34D41F00A542E1 /* PortNumberViewController.swift */; };
		A41875B11B3B4C8E00A542E1 /* libCorePlot-CocoaTouch.a in Frameworks */ = {isa = PBXBuildFile; fileRef = A41875AE1B3B4C4A00A542E1 /* libCorePlot-CocoaTouch.a */; };
		A41875B31B3B4CD600A542E1 /* QuartzCore.framework in Frameworks */ = {isa = PBXBuildFile; fileRef = A41875B21B3B4CD600A542E1 /* QuartzCore.framework */; };
		A41875B91B3B5A3E00A542E1 /* Accelerate.framework in Frameworks */ = {isa = PBXBuildFile; fileRef = A41875B81B3B5A3E00A542E1 /* Accelerate.framework */; };
		A41875BC1B3B61EC00A542E1 /* CPTMutablePlotRange+SwiftCompat.m in Sources */ = {isa = PBXBuildFile; fileRef = A41875BB1B3B61EC00A542E1 /* CPTMutablePlotRange+SwiftCompat.m */; };
		A47A5D531B7E880B007973AC /* LaunchScreen.xib in Resources */ = {isa = PBXBuildFile; fileRef = A47A5D511B7E880B007973AC /* LaunchScreen.xib */; };
		A47A5D551B8128DA007973AC /* MathHelper.swift in Sources */ = {isa = PBXBuildFile; fileRef = A47A5D541B8128DA007973AC /* MathHelper.swift */; };
		A47A5D571B813FFE007973AC /* UISettings.swift in Sources */ = {isa = PBXBuildFile; fileRef = A47A5D561B813FFE007973AC /* UISettings.swift */; };
		A47A5D591B81410A007973AC /* PyrokinesisTabBarController.swift in Sources */ = {isa = PBXBuildFile; fileRef = A47A5D581B81410A007973AC /* PyrokinesisTabBarController.swift */; };
		A47A5D5B1B83F97A007973AC /* FireSimulator.swift in Sources */ = {isa = PBXBuildFile; fileRef = A47A5D5A1B83F979007973AC /* FireSimulator.swift */; };
		A47A5D601B87857D007973AC /* Gotham-Bold.ttf in Resources */ = {isa = PBXBuildFile; fileRef = A47A5D5D1B877FD9007973AC /* Gotham-Bold.ttf */; };
		A47A5D611B87857D007973AC /* Gotham-Book.ttf in Resources */ = {isa = PBXBuildFile; fileRef = A47A5D5E1B877FD9007973AC /* Gotham-Book.ttf */; };
		A47A5D621B87857D007973AC /* Gotham-Medium.ttf in Resources */ = {isa = PBXBuildFile; fileRef = A47A5D5F1B877FD9007973AC /* Gotham-Medium.ttf */; };
		A49365C21B5C1A22008D3A42 /* GCDAsyncSocket.m in Sources */ = {isa = PBXBuildFile; fileRef = A49365BF1B5C1A22008D3A42 /* GCDAsyncSocket.m */; };
		A49365C31B5C1A22008D3A42 /* GCDAsyncUdpSocket.m in Sources */ = {isa = PBXBuildFile; fileRef = A49365C11B5C1A22008D3A42 /* GCDAsyncUdpSocket.m */; };
		A49365C51B5C36BD008D3A42 /* PyrokinesisSettings.swift in Sources */ = {isa = PBXBuildFile; fileRef = A49365C41B5C36BD008D3A42 /* PyrokinesisSettings.swift */; };
		A49365C81B5C39AF008D3A42 /* pyrokinesis.xcdatamodeld in Sources */ = {isa = PBXBuildFile; fileRef = A49365C61B5C39AF008D3A42 /* pyrokinesis.xcdatamodeld */; };
		A49365CA1B5C4AB7008D3A42 /* UIFlameEffect.swift in Sources */ = {isa = PBXBuildFile; fileRef = A49365C91B5C4AB7008D3A42 /* UIFlameEffect.swift */; };
		A49365CC1B5C5C93008D3A42 /* ControlViewController.swift in Sources */ = {isa = PBXBuildFile; fileRef = A49365CB1B5C5C93008D3A42 /* ControlViewController.swift */; };
		A4A2C59B1B7D444800AD7E2B /* GameModeViewController.swift in Sources */ = {isa = PBXBuildFile; fileRef = A4A2C59A1B7D444800AD7E2B /* GameModeViewController.swift */; };
		A4B8BEA61B2E5C2900DF3964 /* AppDelegate.swift in Sources */ = {isa = PBXBuildFile; fileRef = A4B8BEA51B2E5C2900DF3964 /* AppDelegate.swift */; };
		A4B8BEA81B2E5C2900DF3964 /* OverviewViewController.swift in Sources */ = {isa = PBXBuildFile; fileRef = A4B8BEA71B2E5C2900DF3964 /* OverviewViewController.swift */; };
		A4B8BEAD1B2E5C2900DF3964 /* Main.storyboard in Resources */ = {isa = PBXBuildFile; fileRef = A4B8BEAB1B2E5C2900DF3964 /* Main.storyboard */; };
		A4B8BEAF1B2E5C2900DF3964 /* Images.xcassets in Resources */ = {isa = PBXBuildFile; fileRef = A4B8BEAE1B2E5C2900DF3964 /* Images.xcassets */; };
		A4B8BEBE1B2E5C2900DF3964 /* pyrokinesisTests.swift in Sources */ = {isa = PBXBuildFile; fileRef = A4B8BEBD1B2E5C2900DF3964 /* pyrokinesisTests.swift */; };
		A4D328E51B7BFFD300B9CC8C /* FireAnimator.swift in Sources */ = {isa = PBXBuildFile; fileRef = A4D328E41B7BFFD300B9CC8C /* FireAnimator.swift */; };
		A4D328E91B7C302300B9CC8C /* FireAnimatorManager.swift in Sources */ = {isa = PBXBuildFile; fileRef = A4D328E81B7C302300B9CC8C /* FireAnimatorManager.swift */; };
		A4F2F4F21B729CC400AAAC4E /* libc++.dylib in Frameworks */ = {isa = PBXBuildFile; fileRef = A4F2F4F11B729CC400AAAC4E /* libc++.dylib */; };
/* End PBXBuildFile section */

/* Begin PBXContainerItemProxy section */
		4C01900A1EE6407800E7675A /* PBXContainerItemProxy */ = {
			isa = PBXContainerItemProxy;
			containerPortal = 4C018FFA1EE6407800E7675A /* CorePlot.xcodeproj */;
			proxyType = 2;
			remoteGlobalIDString = 8DC2EF5B0486A6940098B216;
			remoteInfo = "CorePlot Mac";
		};
		4C01900C1EE6407800E7675A /* PBXContainerItemProxy */ = {
			isa = PBXContainerItemProxy;
			containerPortal = 4C018FFA1EE6407800E7675A /* CorePlot.xcodeproj */;
			proxyType = 2;
			remoteGlobalIDString = 0730F600109492D800E95162;
			remoteInfo = "UnitTests Mac";
		};
		4C01900E1EE6407800E7675A /* PBXContainerItemProxy */ = {
			isa = PBXContainerItemProxy;
			containerPortal = 4C018FFA1EE6407800E7675A /* CorePlot.xcodeproj */;
			proxyType = 2;
			remoteGlobalIDString = C38A09781A46185200D45436;
			remoteInfo = "CorePlot iOS";
		};
		4C0190101EE6407800E7675A /* PBXContainerItemProxy */ = {
			isa = PBXContainerItemProxy;
			containerPortal = 4C018FFA1EE6407800E7675A /* CorePlot.xcodeproj */;
			proxyType = 2;
			remoteGlobalIDString = C38A09821A46185300D45436;
			remoteInfo = "UnitTests iOS";
		};
		4C0190121EE6407800E7675A /* PBXContainerItemProxy */ = {
			isa = PBXContainerItemProxy;
			containerPortal = 4C018FFA1EE6407800E7675A /* CorePlot.xcodeproj */;
			proxyType = 2;
			remoteGlobalIDString = C38A09BA1A4619A900D45436;
			remoteInfo = "CorePlot-CocoaTouch";
		};
		4C0190141EE6407800E7675A /* PBXContainerItemProxy */ = {
			isa = PBXContainerItemProxy;
			containerPortal = 4C018FFA1EE6407800E7675A /* CorePlot.xcodeproj */;
			proxyType = 2;
			remoteGlobalIDString = C38A09C41A4619A900D45436;
			remoteInfo = "CorePlot-CocoaTouchTests";
		};
		4C0190161EE6407800E7675A /* PBXContainerItemProxy */ = {
			isa = PBXContainerItemProxy;
			containerPortal = 4C018FFA1EE6407800E7675A /* CorePlot.xcodeproj */;
			proxyType = 2;
			remoteGlobalIDString = C37EA6921BC83F2A0091C8F7;
			remoteInfo = "CorePlot tvOS";
		};
		4C0190181EE6407800E7675A /* PBXContainerItemProxy */ = {
			isa = PBXContainerItemProxy;
			containerPortal = 4C018FFA1EE6407800E7675A /* CorePlot.xcodeproj */;
			proxyType = 2;
			remoteGlobalIDString = C37EA6B71BC83F2D0091C8F7;
			remoteInfo = "UnitTests tvOS";
		};
		4C01901A1EE640D300E7675A /* PBXContainerItemProxy */ = {
			isa = PBXContainerItemProxy;
			containerPortal = 4C018FFA1EE6407800E7675A /* CorePlot.xcodeproj */;
			proxyType = 1;
			remoteGlobalIDString = C38A09771A46185200D45436;
			remoteInfo = "CorePlot iOS";
		};
		A41875AD1B3B4C4A00A542E1 /* PBXContainerItemProxy */ = {
			isa = PBXContainerItemProxy;
			containerPortal = A41875A71B3B4C4A00A542E1 /* CorePlot-CocoaTouch.xcodeproj */;
			proxyType = 2;
			remoteGlobalIDString = BC9B83470FB8A0A40035D8DA;
			remoteInfo = "CorePlot-CocoaTouch";
		};
		A41875AF1B3B4C5C00A542E1 /* PBXContainerItemProxy */ = {
			isa = PBXContainerItemProxy;
			containerPortal = A41875A71B3B4C4A00A542E1 /* CorePlot-CocoaTouch.xcodeproj */;
			proxyType = 1;
			remoteGlobalIDString = BC9B83460FB8A0A40035D8DA;
			remoteInfo = "CorePlot-CocoaTouch";
		};
		A4B8BEB81B2E5C2900DF3964 /* PBXContainerItemProxy */ = {
			isa = PBXContainerItemProxy;
			containerPortal = A4B8BE981B2E5C2900DF3964 /* Project object */;
			proxyType = 1;
			remoteGlobalIDString = A4B8BE9F1B2E5C2900DF3964;
			remoteInfo = pyrokinesis;
		};
/* End PBXContainerItemProxy section */

/* Begin PBXCopyFilesBuildPhase section */
		A4B8BED01B2E636400DF3964 /* Embed Frameworks */ = {
			isa = PBXCopyFilesBuildPhase;
			buildActionMask = 2147483647;
			dstPath = "";
			dstSubfolderSpec = 10;
			files = (
			);
			name = "Embed Frameworks";
			runOnlyForDeploymentPostprocessing = 0;
		};
/* End PBXCopyFilesBuildPhase section */

/* Begin PBXFileReference section */
		4C018FFA1EE6407800E7675A /* CorePlot.xcodeproj */ = {isa = PBXFileReference; lastKnownFileType = "wrapper.pb-project"; name = CorePlot.xcodeproj; path = "pyrokinesis/lib/core-plot/framework/CorePlot.xcodeproj"; sourceTree = "<group>"; };
		4C53EEE71EEA45A3007146BF /* Muse.framework */ = {isa = PBXFileReference; lastKnownFileType = wrapper.framework; name = Muse.framework; path = pyrokinesis/lib/Muse.framework; sourceTree = "<group>"; };
		4C53EEEA1EEA45E9007146BF /* libc++.tbd */ = {isa = PBXFileReference; lastKnownFileType = "sourcecode.text-based-dylib-definition"; name = "libc++.tbd"; path = "usr/lib/libc++.tbd"; sourceTree = SDKROOT; };
		A418759C1B34B93200A542E1 /* SettingsViewController.swift */ = {isa = PBXFileReference; fileEncoding = 4; lastKnownFileType = sourcecode.swift; path = SettingsViewController.swift; sourceTree = "<group>"; };
		A41875A01B34C05E00A542E1 /* TableViewSwitchCell.swift */ = {isa = PBXFileReference; fileEncoding = 4; lastKnownFileType = sourcecode.swift; path = TableViewSwitchCell.swift; sourceTree = "<group>"; };
		A41875A21B34CEE300A542E1 /* IPAddressViewController.swift */ = {isa = PBXFileReference; fileEncoding = 4; lastKnownFileType = sourcecode.swift; path = IPAddressViewController.swift; sourceTree = "<group>"; };
		A41875A41B34D41F00A542E1 /* PortNumberViewController.swift */ = {isa = PBXFileReference; fileEncoding = 4; lastKnownFileType = sourcecode.swift; path = PortNumberViewController.swift; sourceTree = "<group>"; };
		A41875A71B3B4C4A00A542E1 /* CorePlot-CocoaTouch.xcodeproj */ = {isa = PBXFileReference; lastKnownFileType = "wrapper.pb-project"; name = "CorePlot-CocoaTouch.xcodeproj"; path = "pyrokinesis.xcodeproj/../pyrokinesis/lib/core-plot/framework/CorePlot-CocoaTouch.xcodeproj"; sourceTree = "<group>"; };
		A41875B21B3B4CD600A542E1 /* QuartzCore.framework */ = {isa = PBXFileReference; lastKnownFileType = wrapper.framework; name = QuartzCore.framework; path = System/Library/Frameworks/QuartzCore.framework; sourceTree = SDKROOT; };
		A41875B81B3B5A3E00A542E1 /* Accelerate.framework */ = {isa = PBXFileReference; lastKnownFileType = wrapper.framework; name = Accelerate.framework; path = System/Library/Frameworks/Accelerate.framework; sourceTree = SDKROOT; };
		A41875BA1B3B61EC00A542E1 /* CPTMutablePlotRange+SwiftCompat.h */ = {isa = PBXFileReference; fileEncoding = 4; lastKnownFileType = sourcecode.c.h; path = "CPTMutablePlotRange+SwiftCompat.h"; sourceTree = "<group>"; };
		A41875BB1B3B61EC00A542E1 /* CPTMutablePlotRange+SwiftCompat.m */ = {isa = PBXFileReference; fileEncoding = 4; lastKnownFileType = sourcecode.c.objc; path = "CPTMutablePlotRange+SwiftCompat.m"; sourceTree = "<group>"; };
		A47A5D4C1B7E6581007973AC /* pyrokinesis v3.xcdatamodel */ = {isa = PBXFileReference; lastKnownFileType = wrapper.xcdatamodel; path = "pyrokinesis v3.xcdatamodel"; sourceTree = "<group>"; };
		A47A5D521B7E880B007973AC /* Base */ = {isa = PBXFileReference; lastKnownFileType = file.xib; name = Base; path = Base.lproj/LaunchScreen.xib; sourceTree = "<group>"; };
		A47A5D541B8128DA007973AC /* MathHelper.swift */ = {isa = PBXFileReference; fileEncoding = 4; lastKnownFileType = sourcecode.swift; path = MathHelper.swift; sourceTree = "<group>"; };
		A47A5D561B813FFE007973AC /* UISettings.swift */ = {isa = PBXFileReference; fileEncoding = 4; lastKnownFileType = sourcecode.swift; path = UISettings.swift; sourceTree = "<group>"; };
		A47A5D581B81410A007973AC /* PyrokinesisTabBarController.swift */ = {isa = PBXFileReference; fileEncoding = 4; lastKnownFileType = sourcecode.swift; path = PyrokinesisTabBarController.swift; sourceTree = "<group>"; };
		A47A5D5A1B83F979007973AC /* FireSimulator.swift */ = {isa = PBXFileReference; fileEncoding = 4; lastKnownFileType = sourcecode.swift; path = FireSimulator.swift; sourceTree = "<group>"; };
		A47A5D5D1B877FD9007973AC /* Gotham-Bold.ttf */ = {isa = PBXFileReference; lastKnownFileType = file; name = "Gotham-Bold.ttf"; path = "pyrokinesis/assets/fonts/Gotham-Bold.ttf"; sourceTree = "<group>"; };
		A47A5D5E1B877FD9007973AC /* Gotham-Book.ttf */ = {isa = PBXFileReference; lastKnownFileType = file; name = "Gotham-Book.ttf"; path = "pyrokinesis/assets/fonts/Gotham-Book.ttf"; sourceTree = "<group>"; };
		A47A5D5F1B877FD9007973AC /* Gotham-Medium.ttf */ = {isa = PBXFileReference; lastKnownFileType = file; name = "Gotham-Medium.ttf"; path = "pyrokinesis/assets/fonts/Gotham-Medium.ttf"; sourceTree = "<group>"; };
		A49365BE1B5C1A22008D3A42 /* GCDAsyncSocket.h */ = {isa = PBXFileReference; fileEncoding = 4; lastKnownFileType = sourcecode.c.h; name = GCDAsyncSocket.h; path = pyrokinesis/lib/gcd/GCDAsyncSocket.h; sourceTree = "<group>"; };
		A49365BF1B5C1A22008D3A42 /* GCDAsyncSocket.m */ = {isa = PBXFileReference; fileEncoding = 4; lastKnownFileType = sourcecode.c.objc; name = GCDAsyncSocket.m; path = pyrokinesis/lib/gcd/GCDAsyncSocket.m; sourceTree = "<group>"; };
		A49365C01B5C1A22008D3A42 /* GCDAsyncUdpSocket.h */ = {isa = PBXFileReference; fileEncoding = 4; lastKnownFileType = sourcecode.c.h; name = GCDAsyncUdpSocket.h; path = pyrokinesis/lib/gcd/GCDAsyncUdpSocket.h; sourceTree = "<group>"; };
		A49365C11B5C1A22008D3A42 /* GCDAsyncUdpSocket.m */ = {isa = PBXFileReference; fileEncoding = 4; lastKnownFileType = sourcecode.c.objc; name = GCDAsyncUdpSocket.m; path = pyrokinesis/lib/gcd/GCDAsyncUdpSocket.m; sourceTree = "<group>"; };
		A49365C41B5C36BD008D3A42 /* PyrokinesisSettings.swift */ = {isa = PBXFileReference; fileEncoding = 4; lastKnownFileType = sourcecode.swift; path = PyrokinesisSettings.swift; sourceTree = "<group>"; };
		A49365C71B5C39AF008D3A42 /* pyrokinesis.xcdatamodel */ = {isa = PBXFileReference; lastKnownFileType = wrapper.xcdatamodel; path = pyrokinesis.xcdatamodel; sourceTree = "<group>"; };
		A49365C91B5C4AB7008D3A42 /* UIFlameEffect.swift */ = {isa = PBXFileReference; fileEncoding = 4; lastKnownFileType = sourcecode.swift; path = UIFlameEffect.swift; sourceTree = "<group>"; };
		A49365CB1B5C5C93008D3A42 /* ControlViewController.swift */ = {isa = PBXFileReference; fileEncoding = 4; lastKnownFileType = sourcecode.swift; path = ControlViewController.swift; sourceTree = "<group>"; };
		A4A2C5971B7D3D5F00AD7E2B /* pyrokinesis v2.xcdatamodel */ = {isa = PBXFileReference; lastKnownFileType = wrapper.xcdatamodel; path = "pyrokinesis v2.xcdatamodel"; sourceTree = "<group>"; };
		A4A2C59A1B7D444800AD7E2B /* GameModeViewController.swift */ = {isa = PBXFileReference; fileEncoding = 4; lastKnownFileType = sourcecode.swift; path = GameModeViewController.swift; sourceTree = "<group>"; };
		A4B8BEA01B2E5C2900DF3964 /* pyrokinesis.app */ = {isa = PBXFileReference; explicitFileType = wrapper.application; includeInIndex = 0; path = pyrokinesis.app; sourceTree = BUILT_PRODUCTS_DIR; };
		A4B8BEA41B2E5C2900DF3964 /* Info.plist */ = {isa = PBXFileReference; lastKnownFileType = text.plist.xml; path = Info.plist; sourceTree = "<group>"; };
		A4B8BEA51B2E5C2900DF3964 /* AppDelegate.swift */ = {isa = PBXFileReference; lastKnownFileType = sourcecode.swift; path = AppDelegate.swift; sourceTree = "<group>"; };
		A4B8BEA71B2E5C2900DF3964 /* OverviewViewController.swift */ = {isa = PBXFileReference; lastKnownFileType = sourcecode.swift; path = OverviewViewController.swift; sourceTree = "<group>"; };
		A4B8BEAC1B2E5C2900DF3964 /* Base */ = {isa = PBXFileReference; lastKnownFileType = file.storyboard; name = Base; path = Base.lproj/Main.storyboard; sourceTree = "<group>"; };
		A4B8BEAE1B2E5C2900DF3964 /* Images.xcassets */ = {isa = PBXFileReference; lastKnownFileType = folder.assetcatalog; path = Images.xcassets; sourceTree = "<group>"; };
		A4B8BEB71B2E5C2900DF3964 /* pyrokinesisTests.xctest */ = {isa = PBXFileReference; explicitFileType = wrapper.cfbundle; includeInIndex = 0; path = pyrokinesisTests.xctest; sourceTree = BUILT_PRODUCTS_DIR; };
		A4B8BEBC1B2E5C2900DF3964 /* Info.plist */ = {isa = PBXFileReference; lastKnownFileType = text.plist.xml; path = Info.plist; sourceTree = "<group>"; };
		A4B8BEBD1B2E5C2900DF3964 /* pyrokinesisTests.swift */ = {isa = PBXFileReference; lastKnownFileType = sourcecode.swift; path = pyrokinesisTests.swift; sourceTree = "<group>"; };
		A4B8BECD1B2E623900DF3964 /* ObjCBridge.h */ = {isa = PBXFileReference; lastKnownFileType = sourcecode.c.h; path = ObjCBridge.h; sourceTree = "<group>"; };
		A4D328E41B7BFFD300B9CC8C /* FireAnimator.swift */ = {isa = PBXFileReference; fileEncoding = 4; lastKnownFileType = sourcecode.swift; path = FireAnimator.swift; sourceTree = "<group>"; };
		A4D328E81B7C302300B9CC8C /* FireAnimatorManager.swift */ = {isa = PBXFileReference; fileEncoding = 4; lastKnownFileType = sourcecode.swift; path = FireAnimatorManager.swift; sourceTree = "<group>"; };
		A4F2F2771B72977500AAAC4E /* libMuse.a */ = {isa = PBXFileReference; lastKnownFileType = archive.ar; name = libMuse.a; path = pyrokinesis/lib/libmuse/libMuse.a; sourceTree = "<group>"; };
		A4F2F4F11B729CC400AAAC4E /* libc++.dylib */ = {isa = PBXFileReference; lastKnownFileType = "compiled.mach-o.dylib"; name = "libc++.dylib"; path = "usr/lib/libc++.dylib"; sourceTree = SDKROOT; };
/* End PBXFileReference section */

/* Begin PBXFrameworksBuildPhase section */
		A4B8BE9D1B2E5C2900DF3964 /* Frameworks */ = {
			isa = PBXFrameworksBuildPhase;
			buildActionMask = 2147483647;
			files = (
				4C53EEEB1EEA45E9007146BF /* libc++.tbd in Frameworks */,
				A4F2F4F21B729CC400AAAC4E /* libc++.dylib in Frameworks */,
				A41875B91B3B5A3E00A542E1 /* Accelerate.framework in Frameworks */,
				A41875B31B3B4CD600A542E1 /* QuartzCore.framework in Frameworks */,
				A41875B11B3B4C8E00A542E1 /* libCorePlot-CocoaTouch.a in Frameworks */,
			);
			runOnlyForDeploymentPostprocessing = 0;
		};
		A4B8BEB41B2E5C2900DF3964 /* Frameworks */ = {
			isa = PBXFrameworksBuildPhase;
			buildActionMask = 2147483647;
			files = (
			);
			runOnlyForDeploymentPostprocessing = 0;
		};
/* End PBXFrameworksBuildPhase section */

/* Begin PBXGroup section */
		4C018FFB1EE6407800E7675A /* Products */ = {
			isa = PBXGroup;
			children = (
				4C01900B1EE6407800E7675A /* CorePlot.framework */,
				4C01900D1EE6407800E7675A /* UnitTests.xctest */,
				4C01900F1EE6407800E7675A /* CorePlot.framework */,
				4C0190111EE6407800E7675A /* UnitTests iOS.xctest */,
				4C0190131EE6407800E7675A /* libCorePlot-CocoaTouch.a */,
				4C0190151EE6407800E7675A /* CorePlot-CocoaTouchTests.xctest */,
				4C0190171EE6407800E7675A /* CorePlot.framework */,
				4C0190191EE6407800E7675A /* UnitTests tvOS.xctest */,
			);
			name = Products;
			sourceTree = "<group>";
		};
		A41875A61B3B4C3F00A542E1 /* lib */ = {
			isa = PBXGroup;
			children = (
				4C53EEE71EEA45A3007146BF /* Muse.framework */,
				A49365BB1B5C19FB008D3A42 /* GCD */,
				A41875A71B3B4C4A00A542E1 /* CorePlot-CocoaTouch.xcodeproj */,
			);
			name = lib;
			sourceTree = "<group>";
		};
		A41875A81B3B4C4A00A542E1 /* Products */ = {
			isa = PBXGroup;
			children = (
				A41875AE1B3B4C4A00A542E1 /* libCorePlot-CocoaTouch.a */,
			);
			name = Products;
			sourceTree = "<group>";
		};
		A47A5D5C1B8557DE007973AC /* fonts */ = {
			isa = PBXGroup;
			children = (
				A47A5D5D1B877FD9007973AC /* Gotham-Bold.ttf */,
				A47A5D5E1B877FD9007973AC /* Gotham-Book.ttf */,
				A47A5D5F1B877FD9007973AC /* Gotham-Medium.ttf */,
			);
			name = fonts;
			sourceTree = "<group>";
		};
		A49365BB1B5C19FB008D3A42 /* GCD */ = {
			isa = PBXGroup;
			children = (
				A49365BE1B5C1A22008D3A42 /* GCDAsyncSocket.h */,
				A49365BF1B5C1A22008D3A42 /* GCDAsyncSocket.m */,
				A49365C01B5C1A22008D3A42 /* GCDAsyncUdpSocket.h */,
				A49365C11B5C1A22008D3A42 /* GCDAsyncUdpSocket.m */,
			);
			name = GCD;
			sourceTree = "<group>";
		};
		A4B8BE971B2E5C2900DF3964 = {
			isa = PBXGroup;
			children = (
				A47A5D5C1B8557DE007973AC /* fonts */,
				A41875A61B3B4C3F00A542E1 /* lib */,
				A4B8BEC91B2E5F0D00DF3964 /* Frameworks */,
				A4B8BEA21B2E5C2900DF3964 /* pyrokinesis */,
				A4B8BEBA1B2E5C2900DF3964 /* pyrokinesisTests */,
				A4B8BEA11B2E5C2900DF3964 /* Products */,
				4C018FFA1EE6407800E7675A /* CorePlot.xcodeproj */,
			);
			sourceTree = "<group>";
		};
		A4B8BEA11B2E5C2900DF3964 /* Products */ = {
			isa = PBXGroup;
			children = (
				A4B8BEA01B2E5C2900DF3964 /* pyrokinesis.app */,
				A4B8BEB71B2E5C2900DF3964 /* pyrokinesisTests.xctest */,
			);
			name = Products;
			sourceTree = "<group>";
		};
		A4B8BEA21B2E5C2900DF3964 /* pyrokinesis */ = {
			isa = PBXGroup;
			children = (
				A4B8BECD1B2E623900DF3964 /* ObjCBridge.h */,
				A4D328E41B7BFFD300B9CC8C /* FireAnimator.swift */,
				A4D328E81B7C302300B9CC8C /* FireAnimatorManager.swift */,
				A47A5D5A1B83F979007973AC /* FireSimulator.swift */,
				A4B8BEA51B2E5C2900DF3964 /* AppDelegate.swift */,
				A47A5D581B81410A007973AC /* PyrokinesisTabBarController.swift */,
				A4B8BEA71B2E5C2900DF3964 /* OverviewViewController.swift */,
				A418759C1B34B93200A542E1 /* SettingsViewController.swift */,
				A49365CB1B5C5C93008D3A42 /* ControlViewController.swift */,
				A41875A21B34CEE300A542E1 /* IPAddressViewController.swift */,
				A41875A41B34D41F00A542E1 /* PortNumberViewController.swift */,
				A4A2C59A1B7D444800AD7E2B /* GameModeViewController.swift */,
				A41875A01B34C05E00A542E1 /* TableViewSwitchCell.swift */,
				A49365C91B5C4AB7008D3A42 /* UIFlameEffect.swift */,
				A49365C41B5C36BD008D3A42 /* PyrokinesisSettings.swift */,
				A47A5D561B813FFE007973AC /* UISettings.swift */,
				A47A5D541B8128DA007973AC /* MathHelper.swift */,
				A4B8BEAB1B2E5C2900DF3964 /* Main.storyboard */,
				A47A5D511B7E880B007973AC /* LaunchScreen.xib */,
				A4B8BEAE1B2E5C2900DF3964 /* Images.xcassets */,
				A4B8BEA31B2E5C2900DF3964 /* Supporting Files */,
				A41875BA1B3B61EC00A542E1 /* CPTMutablePlotRange+SwiftCompat.h */,
				A41875BB1B3B61EC00A542E1 /* CPTMutablePlotRange+SwiftCompat.m */,
				A49365C61B5C39AF008D3A42 /* pyrokinesis.xcdatamodeld */,
			);
			path = pyrokinesis;
			sourceTree = "<group>";
		};
		A4B8BEA31B2E5C2900DF3964 /* Supporting Files */ = {
			isa = PBXGroup;
			children = (
				A4B8BEA41B2E5C2900DF3964 /* Info.plist */,
			);
			name = "Supporting Files";
			sourceTree = "<group>";
		};
		A4B8BEBA1B2E5C2900DF3964 /* pyrokinesisTests */ = {
			isa = PBXGroup;
			children = (
				A4B8BEBD1B2E5C2900DF3964 /* pyrokinesisTests.swift */,
				A4B8BEBB1B2E5C2900DF3964 /* Supporting Files */,
			);
			path = pyrokinesisTests;
			sourceTree = "<group>";
		};
		A4B8BEBB1B2E5C2900DF3964 /* Supporting Files */ = {
			isa = PBXGroup;
			children = (
				A4B8BEBC1B2E5C2900DF3964 /* Info.plist */,
			);
			name = "Supporting Files";
			sourceTree = "<group>";
		};
		A4B8BEC91B2E5F0D00DF3964 /* Frameworks */ = {
			isa = PBXGroup;
			children = (
				4C53EEEA1EEA45E9007146BF /* libc++.tbd */,
				A4F2F4F11B729CC400AAAC4E /* libc++.dylib */,
				A4F2F2771B72977500AAAC4E /* libMuse.a */,
				A41875B81B3B5A3E00A542E1 /* Accelerate.framework */,
				A41875B21B3B4CD600A542E1 /* QuartzCore.framework */,
			);
			name = Frameworks;
			sourceTree = "<group>";
		};
/* End PBXGroup section */

/* Begin PBXNativeTarget section */
		A4B8BE9F1B2E5C2900DF3964 /* pyrokinesis */ = {
			isa = PBXNativeTarget;
			buildConfigurationList = A4B8BEC11B2E5C2900DF3964 /* Build configuration list for PBXNativeTarget "pyrokinesis" */;
			buildPhases = (
				A4B8BE9C1B2E5C2900DF3964 /* Sources */,
				A4B8BE9D1B2E5C2900DF3964 /* Frameworks */,
				A4B8BE9E1B2E5C2900DF3964 /* Resources */,
				A4B8BED01B2E636400DF3964 /* Embed Frameworks */,
			);
			buildRules = (
			);
			dependencies = (
				4C01901B1EE640D300E7675A /* PBXTargetDependency */,
				A41875B01B3B4C5C00A542E1 /* PBXTargetDependency */,
			);
			name = pyrokinesis;
			productName = pyrokinesis;
			productReference = A4B8BEA01B2E5C2900DF3964 /* pyrokinesis.app */;
			productType = "com.apple.product-type.application";
		};
		A4B8BEB61B2E5C2900DF3964 /* pyrokinesisTests */ = {
			isa = PBXNativeTarget;
			buildConfigurationList = A4B8BEC41B2E5C2900DF3964 /* Build configuration list for PBXNativeTarget "pyrokinesisTests" */;
			buildPhases = (
				A4B8BEB31B2E5C2900DF3964 /* Sources */,
				A4B8BEB41B2E5C2900DF3964 /* Frameworks */,
				A4B8BEB51B2E5C2900DF3964 /* Resources */,
			);
			buildRules = (
			);
			dependencies = (
				A4B8BEB91B2E5C2900DF3964 /* PBXTargetDependency */,
			);
			name = pyrokinesisTests;
			productName = pyrokinesisTests;
			productReference = A4B8BEB71B2E5C2900DF3964 /* pyrokinesisTests.xctest */;
			productType = "com.apple.product-type.bundle.unit-test";
		};
/* End PBXNativeTarget section */

/* Begin PBXProject section */
		A4B8BE981B2E5C2900DF3964 /* Project object */ = {
			isa = PBXProject;
			attributes = {
				LastUpgradeCheck = 0830;
				ORGANIZATIONNAME = s3fa;
				TargetAttributes = {
					A4B8BE9F1B2E5C2900DF3964 = {
						CreatedOnToolsVersion = 6.3.1;
						DevelopmentTeam = 259P4N6KG7;
						LastSwiftMigration = 0830;
						SystemCapabilities = {
							com.apple.BackgroundModes = {
								enabled = 1;
							};
						};
					};
					A4B8BEB61B2E5C2900DF3964 = {
						CreatedOnToolsVersion = 6.3.1;
						LastSwiftMigration = 0830;
						TestTargetID = A4B8BE9F1B2E5C2900DF3964;
					};
				};
			};
			buildConfigurationList = A4B8BE9B1B2E5C2900DF3964 /* Build configuration list for PBXProject "pyrokinesis" */;
			compatibilityVersion = "Xcode 3.2";
			developmentRegion = English;
			hasScannedForEncodings = 0;
			knownRegions = (
				en,
				Base,
			);
			mainGroup = A4B8BE971B2E5C2900DF3964;
			productRefGroup = A4B8BEA11B2E5C2900DF3964 /* Products */;
			projectDirPath = "";
			projectReferences = (
				{
					ProductGroup = A41875A81B3B4C4A00A542E1 /* Products */;
					ProjectRef = A41875A71B3B4C4A00A542E1 /* CorePlot-CocoaTouch.xcodeproj */;
				},
				{
					ProductGroup = 4C018FFB1EE6407800E7675A /* Products */;
					ProjectRef = 4C018FFA1EE6407800E7675A /* CorePlot.xcodeproj */;
				},
			);
			projectRoot = "";
			targets = (
				A4B8BE9F1B2E5C2900DF3964 /* pyrokinesis */,
				A4B8BEB61B2E5C2900DF3964 /* pyrokinesisTests */,
			);
		};
/* End PBXProject section */

/* Begin PBXReferenceProxy section */
		4C01900B1EE6407800E7675A /* CorePlot.framework */ = {
			isa = PBXReferenceProxy;
			fileType = wrapper.framework;
			path = CorePlot.framework;
			remoteRef = 4C01900A1EE6407800E7675A /* PBXContainerItemProxy */;
			sourceTree = BUILT_PRODUCTS_DIR;
		};
		4C01900D1EE6407800E7675A /* UnitTests.xctest */ = {
			isa = PBXReferenceProxy;
			fileType = wrapper.cfbundle;
			path = UnitTests.xctest;
			remoteRef = 4C01900C1EE6407800E7675A /* PBXContainerItemProxy */;
			sourceTree = BUILT_PRODUCTS_DIR;
		};
		4C01900F1EE6407800E7675A /* CorePlot.framework */ = {
			isa = PBXReferenceProxy;
			fileType = wrapper.framework;
			path = CorePlot.framework;
			remoteRef = 4C01900E1EE6407800E7675A /* PBXContainerItemProxy */;
			sourceTree = BUILT_PRODUCTS_DIR;
		};
		4C0190111EE6407800E7675A /* UnitTests iOS.xctest */ = {
			isa = PBXReferenceProxy;
			fileType = wrapper.cfbundle;
			path = "UnitTests iOS.xctest";
			remoteRef = 4C0190101EE6407800E7675A /* PBXContainerItemProxy */;
			sourceTree = BUILT_PRODUCTS_DIR;
		};
		4C0190131EE6407800E7675A /* libCorePlot-CocoaTouch.a */ = {
			isa = PBXReferenceProxy;
			fileType = archive.ar;
			path = "libCorePlot-CocoaTouch.a";
			remoteRef = 4C0190121EE6407800E7675A /* PBXContainerItemProxy */;
			sourceTree = BUILT_PRODUCTS_DIR;
		};
		4C0190151EE6407800E7675A /* CorePlot-CocoaTouchTests.xctest */ = {
			isa = PBXReferenceProxy;
			fileType = wrapper.cfbundle;
			path = "CorePlot-CocoaTouchTests.xctest";
			remoteRef = 4C0190141EE6407800E7675A /* PBXContainerItemProxy */;
			sourceTree = BUILT_PRODUCTS_DIR;
		};
		4C0190171EE6407800E7675A /* CorePlot.framework */ = {
			isa = PBXReferenceProxy;
			fileType = wrapper.framework;
			path = CorePlot.framework;
			remoteRef = 4C0190161EE6407800E7675A /* PBXContainerItemProxy */;
			sourceTree = BUILT_PRODUCTS_DIR;
		};
		4C0190191EE6407800E7675A /* UnitTests tvOS.xctest */ = {
			isa = PBXReferenceProxy;
			fileType = wrapper.cfbundle;
			path = "UnitTests tvOS.xctest";
			remoteRef = 4C0190181EE6407800E7675A /* PBXContainerItemProxy */;
			sourceTree = BUILT_PRODUCTS_DIR;
		};
		A41875AE1B3B4C4A00A542E1 /* libCorePlot-CocoaTouch.a */ = {
			isa = PBXReferenceProxy;
			fileType = archive.ar;
			path = "libCorePlot-CocoaTouch.a";
			remoteRef = A41875AD1B3B4C4A00A542E1 /* PBXContainerItemProxy */;
			sourceTree = BUILT_PRODUCTS_DIR;
		};
/* End PBXReferenceProxy section */

/* Begin PBXResourcesBuildPhase section */
		A4B8BE9E1B2E5C2900DF3964 /* Resources */ = {
			isa = PBXResourcesBuildPhase;
			buildActionMask = 2147483647;
			files = (
				A47A5D601B87857D007973AC /* Gotham-Bold.ttf in Resources */,
				A47A5D611B87857D007973AC /* Gotham-Book.ttf in Resources */,
				A47A5D621B87857D007973AC /* Gotham-Medium.ttf in Resources */,
				A4B8BEAD1B2E5C2900DF3964 /* Main.storyboard in Resources */,
				A47A5D531B7E880B007973AC /* LaunchScreen.xib in Resources */,
				A4B8BEAF1B2E5C2900DF3964 /* Images.xcassets in Resources */,
			);
			runOnlyForDeploymentPostprocessing = 0;
		};
		A4B8BEB51B2E5C2900DF3964 /* Resources */ = {
			isa = PBXResourcesBuildPhase;
			buildActionMask = 2147483647;
			files = (
			);
			runOnlyForDeploymentPostprocessing = 0;
		};
/* End PBXResourcesBuildPhase section */

/* Begin PBXSourcesBuildPhase section */
		A4B8BE9C1B2E5C2900DF3964 /* Sources */ = {
			isa = PBXSourcesBuildPhase;
			buildActionMask = 2147483647;
			files = (
				A4D328E91B7C302300B9CC8C /* FireAnimatorManager.swift in Sources */,
				A41875A31B34CEE300A542E1 /* IPAddressViewController.swift in Sources */,
				A47A5D551B8128DA007973AC /* MathHelper.swift in Sources */,
				A47A5D591B81410A007973AC /* PyrokinesisTabBarController.swift in Sources */,
				A4B8BEA61B2E5C2900DF3964 /* AppDelegate.swift in Sources */,
				A41875A51B34D41F00A542E1 /* PortNumberViewController.swift in Sources */,
				A49365C81B5C39AF008D3A42 /* pyrokinesis.xcdatamodeld in Sources */,
				A41875A11B34C05E00A542E1 /* TableViewSwitchCell.swift in Sources */,
				A4A2C59B1B7D444800AD7E2B /* GameModeViewController.swift in Sources */,
				A49365CC1B5C5C93008D3A42 /* ControlViewController.swift in Sources */,
				A47A5D571B813FFE007973AC /* UISettings.swift in Sources */,
				A47A5D5B1B83F97A007973AC /* FireSimulator.swift in Sources */,
				A4B8BEA81B2E5C2900DF3964 /* OverviewViewController.swift in Sources */,
				A49365C31B5C1A22008D3A42 /* GCDAsyncUdpSocket.m in Sources */,
				A49365C21B5C1A22008D3A42 /* GCDAsyncSocket.m in Sources */,
				A418759D1B34B93200A542E1 /* SettingsViewController.swift in Sources */,
				A49365C51B5C36BD008D3A42 /* PyrokinesisSettings.swift in Sources */,
				A49365CA1B5C4AB7008D3A42 /* UIFlameEffect.swift in Sources */,
				A4D328E51B7BFFD300B9CC8C /* FireAnimator.swift in Sources */,
				A41875BC1B3B61EC00A542E1 /* CPTMutablePlotRange+SwiftCompat.m in Sources */,
			);
			runOnlyForDeploymentPostprocessing = 0;
		};
		A4B8BEB31B2E5C2900DF3964 /* Sources */ = {
			isa = PBXSourcesBuildPhase;
			buildActionMask = 2147483647;
			files = (
				A4B8BEBE1B2E5C2900DF3964 /* pyrokinesisTests.swift in Sources */,
			);
			runOnlyForDeploymentPostprocessing = 0;
		};
/* End PBXSourcesBuildPhase section */

/* Begin PBXTargetDependency section */
		4C01901B1EE640D300E7675A /* PBXTargetDependency */ = {
			isa = PBXTargetDependency;
			name = "CorePlot iOS";
			targetProxy = 4C01901A1EE640D300E7675A /* PBXContainerItemProxy */;
		};
		A41875B01B3B4C5C00A542E1 /* PBXTargetDependency */ = {
			isa = PBXTargetDependency;
			name = "CorePlot-CocoaTouch";
			targetProxy = A41875AF1B3B4C5C00A542E1 /* PBXContainerItemProxy */;
		};
		A4B8BEB91B2E5C2900DF3964 /* PBXTargetDependency */ = {
			isa = PBXTargetDependency;
			target = A4B8BE9F1B2E5C2900DF3964 /* pyrokinesis */;
			targetProxy = A4B8BEB81B2E5C2900DF3964 /* PBXContainerItemProxy */;
		};
/* End PBXTargetDependency section */

/* Begin PBXVariantGroup section */
		A47A5D511B7E880B007973AC /* LaunchScreen.xib */ = {
			isa = PBXVariantGroup;
			children = (
				A47A5D521B7E880B007973AC /* Base */,
			);
			name = LaunchScreen.xib;
			sourceTree = "<group>";
		};
		A4B8BEAB1B2E5C2900DF3964 /* Main.storyboard */ = {
			isa = PBXVariantGroup;
			children = (
				A4B8BEAC1B2E5C2900DF3964 /* Base */,
			);
			name = Main.storyboard;
			sourceTree = "<group>";
		};
/* End PBXVariantGroup section */

/* Begin XCBuildConfiguration section */
		A4B8BEBF1B2E5C2900DF3964 /* Debug */ = {
			isa = XCBuildConfiguration;
			buildSettings = {
				ALWAYS_SEARCH_USER_PATHS = NO;
				CLANG_CXX_LANGUAGE_STANDARD = "gnu++0x";
				CLANG_CXX_LIBRARY = "libc++";
				CLANG_ENABLE_MODULES = YES;
				CLANG_ENABLE_OBJC_ARC = YES;
				CLANG_WARN_BOOL_CONVERSION = YES;
				CLANG_WARN_CONSTANT_CONVERSION = YES;
				CLANG_WARN_DIRECT_OBJC_ISA_USAGE = YES_ERROR;
				CLANG_WARN_EMPTY_BODY = YES;
				CLANG_WARN_ENUM_CONVERSION = YES;
				CLANG_WARN_INFINITE_RECURSION = YES;
				CLANG_WARN_INT_CONVERSION = YES;
				CLANG_WARN_OBJC_ROOT_CLASS = YES_ERROR;
				CLANG_WARN_SUSPICIOUS_MOVE = YES;
				CLANG_WARN_UNREACHABLE_CODE = YES;
				CLANG_WARN__DUPLICATE_METHOD_MATCH = YES;
				"CODE_SIGN_IDENTITY[sdk=iphoneos*]" = "iPhone Developer";
				COPY_PHASE_STRIP = NO;
				DEBUG_INFORMATION_FORMAT = "dwarf-with-dsym";
				ENABLE_STRICT_OBJC_MSGSEND = YES;
				ENABLE_TESTABILITY = YES;
				GCC_C_LANGUAGE_STANDARD = gnu99;
				GCC_DYNAMIC_NO_PIC = NO;
				GCC_NO_COMMON_BLOCKS = YES;
				GCC_OPTIMIZATION_LEVEL = 0;
				GCC_PREPROCESSOR_DEFINITIONS = (
					"DEBUG=1",
					"$(inherited)",
				);
				GCC_SYMBOLS_PRIVATE_EXTERN = NO;
				GCC_WARN_64_TO_32_BIT_CONVERSION = YES;
				GCC_WARN_ABOUT_RETURN_TYPE = YES_ERROR;
				GCC_WARN_UNDECLARED_SELECTOR = YES;
				GCC_WARN_UNINITIALIZED_AUTOS = YES_AGGRESSIVE;
				GCC_WARN_UNUSED_FUNCTION = YES;
				GCC_WARN_UNUSED_VARIABLE = YES;
				IPHONEOS_DEPLOYMENT_TARGET = 8.3;
				MTL_ENABLE_DEBUG_INFO = YES;
				ONLY_ACTIVE_ARCH = YES;
				SDKROOT = iphoneos;
				SWIFT_OPTIMIZATION_LEVEL = "-Onone";
				TARGETED_DEVICE_FAMILY = "1,2";
			};
			name = Debug;
		};
		A4B8BEC01B2E5C2900DF3964 /* Release */ = {
			isa = XCBuildConfiguration;
			buildSettings = {
				ALWAYS_SEARCH_USER_PATHS = NO;
				CLANG_CXX_LANGUAGE_STANDARD = "gnu++0x";
				CLANG_CXX_LIBRARY = "libc++";
				CLANG_ENABLE_MODULES = YES;
				CLANG_ENABLE_OBJC_ARC = YES;
				CLANG_WARN_BOOL_CONVERSION = YES;
				CLANG_WARN_CONSTANT_CONVERSION = YES;
				CLANG_WARN_DIRECT_OBJC_ISA_USAGE = YES_ERROR;
				CLANG_WARN_EMPTY_BODY = YES;
				CLANG_WARN_ENUM_CONVERSION = YES;
				CLANG_WARN_INFINITE_RECURSION = YES;
				CLANG_WARN_INT_CONVERSION = YES;
				CLANG_WARN_OBJC_ROOT_CLASS = YES_ERROR;
				CLANG_WARN_SUSPICIOUS_MOVE = YES;
				CLANG_WARN_UNREACHABLE_CODE = YES;
				CLANG_WARN__DUPLICATE_METHOD_MATCH = YES;
				"CODE_SIGN_IDENTITY[sdk=iphoneos*]" = "iPhone Developer";
				COPY_PHASE_STRIP = NO;
				DEBUG_INFORMATION_FORMAT = "dwarf-with-dsym";
				ENABLE_NS_ASSERTIONS = NO;
				ENABLE_STRICT_OBJC_MSGSEND = YES;
				GCC_C_LANGUAGE_STANDARD = gnu99;
				GCC_NO_COMMON_BLOCKS = YES;
				GCC_WARN_64_TO_32_BIT_CONVERSION = YES;
				GCC_WARN_ABOUT_RETURN_TYPE = YES_ERROR;
				GCC_WARN_UNDECLARED_SELECTOR = YES;
				GCC_WARN_UNINITIALIZED_AUTOS = YES_AGGRESSIVE;
				GCC_WARN_UNUSED_FUNCTION = YES;
				GCC_WARN_UNUSED_VARIABLE = YES;
				IPHONEOS_DEPLOYMENT_TARGET = 8.3;
				MTL_ENABLE_DEBUG_INFO = NO;
				SDKROOT = iphoneos;
				SWIFT_OPTIMIZATION_LEVEL = "-Owholemodule";
				TARGETED_DEVICE_FAMILY = "1,2";
				VALIDATE_PRODUCT = YES;
			};
			name = Release;
		};
		A4B8BEC21B2E5C2900DF3964 /* Debug */ = {
			isa = XCBuildConfiguration;
			buildSettings = {
				ASSETCATALOG_COMPILER_APPICON_NAME = AppIcon;
				ASSETCATALOG_COMPILER_LAUNCHIMAGE_NAME = LaunchImage;
				CLANG_ENABLE_MODULES = YES;
				CODE_SIGN_IDENTITY = "iPhone Developer";
				DEVELOPMENT_TEAM = 259P4N6KG7;
				ENABLE_BITCODE = NO;
				FRAMEWORK_SEARCH_PATHS = (
					"$(inherited)",
					"$(PROJECT_DIR)/pyrokinesis",
					"$(PLATFORM_DIR)/Developer/Library/Frameworks",
					"$(PROJECT_DIR)/pyrokinesis/lib",
				);
				HEADER_SEARCH_PATHS = (
					"$(inherited)",
					/Applications/Xcode.app/Contents/Developer/Toolchains/XcodeDefault.xctoolchain/usr/include,
					"$(SRCROOT)/pyrokinesis/lib/core-plot/framework/**",
					"$(SRCROOT)/pyrokinesis/lib/libmuse/Headers",
				);
				INFOPLIST_FILE = pyrokinesis/Info.plist;
				IPHONEOS_DEPLOYMENT_TARGET = 8.3;
				LD_RUNPATH_SEARCH_PATHS = "$(inherited) @executable_path/Frameworks";
				LIBRARY_SEARCH_PATHS = (
					"$(inherited)",
					"$(PROJECT_DIR)/pyrokinesis/lib/libmuse",
					"$(PROJECT_DIR)/pyrokinesis/lib/libmuse/examples/MuseStatsIos",
				);
				OTHER_LDFLAGS = "-ObjC";
				PRODUCT_BUNDLE_IDENTIFIER = "com.s3fa.$(PRODUCT_NAME:rfc1034identifier)";
				PRODUCT_NAME = "$(TARGET_NAME)";
				"SWIFT_OBJC_BRIDGING_HEADER[arch=*]" = pyrokinesis/ObjCBridge.h;
				SWIFT_OPTIMIZATION_LEVEL = "-Onone";
				SWIFT_VERSION = 3.0;
				TARGETED_DEVICE_FAMILY = "1,2";
			};
			name = Debug;
		};
		A4B8BEC31B2E5C2900DF3964 /* Release */ = {
			isa = XCBuildConfiguration;
			buildSettings = {
				ASSETCATALOG_COMPILER_APPICON_NAME = AppIcon;
				ASSETCATALOG_COMPILER_LAUNCHIMAGE_NAME = LaunchImage;
				CLANG_ENABLE_MODULES = YES;
				CODE_SIGN_IDENTITY = "iPhone Developer";
				DEVELOPMENT_TEAM = 259P4N6KG7;
				ENABLE_BITCODE = NO;
				FRAMEWORK_SEARCH_PATHS = (
					"$(inherited)",
					"$(PROJECT_DIR)/pyrokinesis",
					"$(PLATFORM_DIR)/Developer/Library/Frameworks",
					"$(PROJECT_DIR)/pyrokinesis/lib",
				);
				HEADER_SEARCH_PATHS = (
					"$(inherited)",
					/Applications/Xcode.app/Contents/Developer/Toolchains/XcodeDefault.xctoolchain/usr/include,
					"$(SRCROOT)/pyrokinesis/lib/core-plot/framework/**",
					"$(SRCROOT)/pyrokinesis/lib/libmuse/Headers",
				);
				INFOPLIST_FILE = pyrokinesis/Info.plist;
				IPHONEOS_DEPLOYMENT_TARGET = 8.3;
				LD_RUNPATH_SEARCH_PATHS = "$(inherited) @executable_path/Frameworks";
				LIBRARY_SEARCH_PATHS = (
					"$(inherited)",
					"$(PROJECT_DIR)/pyrokinesis/lib/libmuse",
					"$(PROJECT_DIR)/pyrokinesis/lib/libmuse/examples/MuseStatsIos",
				);
				OTHER_LDFLAGS = "-ObjC";
				PRODUCT_BUNDLE_IDENTIFIER = "com.s3fa.$(PRODUCT_NAME:rfc1034identifier)";
				PRODUCT_NAME = "$(TARGET_NAME)";
				"SWIFT_OBJC_BRIDGING_HEADER[arch=*]" = pyrokinesis/ObjCBridge.h;
				SWIFT_VERSION = 3.0;
				TARGETED_DEVICE_FAMILY = "1,2";
			};
			name = Release;
		};
		A4B8BEC51B2E5C2900DF3964 /* Debug */ = {
			isa = XCBuildConfiguration;
			buildSettings = {
				BUNDLE_LOADER = "$(TEST_HOST)";
				FRAMEWORK_SEARCH_PATHS = (
					"$(SDKROOT)/Developer/Library/Frameworks",
					"$(inherited)",
				);
				GCC_PREPROCESSOR_DEFINITIONS = (
					"DEBUG=1",
					"$(inherited)",
				);
				INFOPLIST_FILE = pyrokinesisTests/Info.plist;
				LD_RUNPATH_SEARCH_PATHS = "$(inherited) @executable_path/Frameworks @loader_path/Frameworks";
				PRODUCT_BUNDLE_IDENTIFIER = "com.s3fa.$(PRODUCT_NAME:rfc1034identifier)";
				PRODUCT_NAME = "$(TARGET_NAME)";
				SWIFT_VERSION = 3.0;
				TEST_HOST = "$(BUILT_PRODUCTS_DIR)/pyrokinesis.app/pyrokinesis";
			};
			name = Debug;
		};
		A4B8BEC61B2E5C2900DF3964 /* Release */ = {
			isa = XCBuildConfiguration;
			buildSettings = {
				BUNDLE_LOADER = "$(TEST_HOST)";
				FRAMEWORK_SEARCH_PATHS = (
					"$(SDKROOT)/Developer/Library/Frameworks",
					"$(inherited)",
				);
				INFOPLIST_FILE = pyrokinesisTests/Info.plist;
				LD_RUNPATH_SEARCH_PATHS = "$(inherited) @executable_path/Frameworks @loader_path/Frameworks";
				PRODUCT_BUNDLE_IDENTIFIER = "com.s3fa.$(PRODUCT_NAME:rfc1034identifier)";
				PRODUCT_NAME = "$(TARGET_NAME)";
				SWIFT_VERSION = 3.0;
				TEST_HOST = "$(BUILT_PRODUCTS_DIR)/pyrokinesis.app/pyrokinesis";
			};
			name = Release;
		};
/* End XCBuildConfiguration section */

/* Begin XCConfigurationList section */
		A4B8BE9B1B2E5C2900DF3964 /* Build configuration list for PBXProject "pyrokinesis" */ = {
			isa = XCConfigurationList;
			buildConfigurations = (
				A4B8BEBF1B2E5C2900DF3964 /* Debug */,
				A4B8BEC01B2E5C2900DF3964 /* Release */,
			);
			defaultConfigurationIsVisible = 0;
			defaultConfigurationName = Release;
		};
		A4B8BEC11B2E5C2900DF3964 /* Build configuration list for PBXNativeTarget "pyrokinesis" */ = {
			isa = XCConfigurationList;
			buildConfigurations = (
				A4B8BEC21B2E5C2900DF3964 /* Debug */,
				A4B8BEC31B2E5C2900DF3964 /* Release */,
			);
			defaultConfigurationIsVisible = 0;
			defaultConfigurationName = Release;
		};
		A4B8BEC41B2E5C2900DF3964 /* Build configuration list for PBXNativeTarget "pyrokinesisTests" */ = {
			isa = XCConfigurationList;
			buildConfigurations = (
				A4B8BEC51B2E5C2900DF3964 /* Debug */,
				A4B8BEC61B2E5C2900DF3964 /* Release */,
			);
			defaultConfigurationIsVisible = 0;
			defaultConfigurationName = Release;
		};
/* End XCConfigurationList section */

/* Begin XCVersionGroup section */
		A49365C61B5C39AF008D3A42 /* pyrokinesis.xcdatamodeld */ = {
			isa = XCVersionGroup;
			children = (
				A47A5D4C1B7E6581007973AC /* pyrokinesis v3.xcdatamodel */,
				A4A2C5971B7D3D5F00AD7E2B /* pyrokinesis v2.xcdatamodel */,
				A49365C71B5C39AF008D3A42 /* pyrokinesis.xcdatamodel */,
			);
			currentVersion = A47A5D4C1B7E6581007973AC /* pyrokinesis v3.xcdatamodel */;
			path = pyrokinesis.xcdatamodeld;
			sourceTree = "<group>";
			versionGroupType = wrapper.xcdatamodel;
		};
/* End XCVersionGroup section */
	};
	rootObject = A4B8BE981B2E5C2900DF3964 /* Project object */;
}
