// !$*UTF8*$!
{
	archiveVersion = 1;
	classes = {
	};
	objectVersion = 46;
	objects = {

/* Begin PBXBuildFile section */
		A418759D1B34B93200A542E1 /* SettingsViewController.swift in Sources */ = {isa = PBXBuildFile; fileRef = A418759C1B34B93200A542E1 /* SettingsViewController.swift */; };
		A41875A11B34C05E00A542E1 /* TableViewSwitchCell.swift in Sources */ = {isa = PBXBuildFile; fileRef = A41875A01B34C05E00A542E1 /* TableViewSwitchCell.swift */; };
		A41875A31B34CEE300A542E1 /* IPAddressViewController.swift in Sources */ = {isa = PBXBuildFile; fileRef = A41875A21B34CEE300A542E1 /* IPAddressViewController.swift */; };
		A41875A51B34D41F00A542E1 /* PortNumberViewController.swift in Sources */ = {isa = PBXBuildFile; fileRef = A41875A41B34D41F00A542E1 /* PortNumberViewController.swift */; };
		A41875B11B3B4C8E00A542E1 /* libCorePlot-CocoaTouch.a in Frameworks */ = {isa = PBXBuildFile; fileRef = A41875AE1B3B4C4A00A542E1 /* libCorePlot-CocoaTouch.a */; };
		A41875B31B3B4CD600A542E1 /* QuartzCore.framework in Frameworks */ = {isa = PBXBuildFile; fileRef = A41875B21B3B4CD600A542E1 /* QuartzCore.framework */; };
		A41875B91B3B5A3E00A542E1 /* Accelerate.framework in Frameworks */ = {isa = PBXBuildFile; fileRef = A41875B81B3B5A3E00A542E1 /* Accelerate.framework */; };
		A41875BC1B3B61EC00A542E1 /* CPTMutablePlotRange+SwiftCompat.m in Sources */ = {isa = PBXBuildFile; fileRef = A41875BB1B3B61EC00A542E1 /* CPTMutablePlotRange+SwiftCompat.m */; };
		A49365C21B5C1A22008D3A42 /* GCDAsyncSocket.m in Sources */ = {isa = PBXBuildFile; fileRef = A49365BF1B5C1A22008D3A42 /* GCDAsyncSocket.m */; };
		A49365C31B5C1A22008D3A42 /* GCDAsyncUdpSocket.m in Sources */ = {isa = PBXBuildFile; fileRef = A49365C11B5C1A22008D3A42 /* GCDAsyncUdpSocket.m */; };
		A49365C51B5C36BD008D3A42 /* PyrokinesisSettings.swift in Sources */ = {isa = PBXBuildFile; fileRef = A49365C41B5C36BD008D3A42 /* PyrokinesisSettings.swift */; };
		A49365C81B5C39AF008D3A42 /* pyrokinesis.xcdatamodeld in Sources */ = {isa = PBXBuildFile; fileRef = A49365C61B5C39AF008D3A42 /* pyrokinesis.xcdatamodeld */; };
		A49365CA1B5C4AB7008D3A42 /* UIFlameEffect.swift in Sources */ = {isa = PBXBuildFile; fileRef = A49365C91B5C4AB7008D3A42 /* UIFlameEffect.swift */; };
		A49365CC1B5C5C93008D3A42 /* ControlViewController.swift in Sources */ = {isa = PBXBuildFile; fileRef = A49365CB1B5C5C93008D3A42 /* ControlViewController.swift */; };
		A4B8BEA61B2E5C2900DF3964 /* AppDelegate.swift in Sources */ = {isa = PBXBuildFile; fileRef = A4B8BEA51B2E5C2900DF3964 /* AppDelegate.swift */; };
		A4B8BEA81B2E5C2900DF3964 /* OverviewViewController.swift in Sources */ = {isa = PBXBuildFile; fileRef = A4B8BEA71B2E5C2900DF3964 /* OverviewViewController.swift */; };
		A4B8BEAD1B2E5C2900DF3964 /* Main.storyboard in Resources */ = {isa = PBXBuildFile; fileRef = A4B8BEAB1B2E5C2900DF3964 /* Main.storyboard */; };
		A4B8BEAF1B2E5C2900DF3964 /* Images.xcassets in Resources */ = {isa = PBXBuildFile; fileRef = A4B8BEAE1B2E5C2900DF3964 /* Images.xcassets */; };
		A4B8BEB21B2E5C2900DF3964 /* LaunchScreen.xib in Resources */ = {isa = PBXBuildFile; fileRef = A4B8BEB01B2E5C2900DF3964 /* LaunchScreen.xib */; };
		A4B8BEBE1B2E5C2900DF3964 /* pyrokinesisTests.swift in Sources */ = {isa = PBXBuildFile; fileRef = A4B8BEBD1B2E5C2900DF3964 /* pyrokinesisTests.swift */; };
		A4B8BECE1B2E636400DF3964 /* Muse.framework in Frameworks */ = {isa = PBXBuildFile; fileRef = A4B8BEC71B2E5F0600DF3964 /* Muse.framework */; };
		A4B8BECF1B2E636400DF3964 /* Muse.framework in Embed Frameworks */ = {isa = PBXBuildFile; fileRef = A4B8BEC71B2E5F0600DF3964 /* Muse.framework */; settings = {ATTRIBUTES = (CodeSignOnCopy, RemoveHeadersOnCopy, ); }; };
		A4B8BED21B2E687300DF3964 /* MuseListener.swift in Sources */ = {isa = PBXBuildFile; fileRef = A4B8BED11B2E687300DF3964 /* MuseListener.swift */; };
/* End PBXBuildFile section */

/* Begin PBXContainerItemProxy section */
		A41875AD1B3B4C4A00A542E1 /* PBXContainerItemProxy */ = {
			isa = PBXContainerItemProxy;
			containerPortal = A41875A71B3B4C4A00A542E1 /* CorePlot-CocoaTouch.xcodeproj */;
			proxyType = 2;
			remoteGlobalIDString = BC9B83470FB8A0A40035D8DA;
			remoteInfo = "CorePlot-CocoaTouch";
		};
		A41875AF1B3B4C5C00A542E1 /* PBXContainerItemProxy */ = {
			isa = PBXContainerItemProxy;
			containerPortal = A41875A71B3B4C4A00A542E1 /* CorePlot-CocoaTouch.xcodeproj */;
			proxyType = 1;
			remoteGlobalIDString = BC9B83460FB8A0A40035D8DA;
			remoteInfo = "CorePlot-CocoaTouch";
		};
		A4B8BEB81B2E5C2900DF3964 /* PBXContainerItemProxy */ = {
			isa = PBXContainerItemProxy;
			containerPortal = A4B8BE981B2E5C2900DF3964 /* Project object */;
			proxyType = 1;
			remoteGlobalIDString = A4B8BE9F1B2E5C2900DF3964;
			remoteInfo = pyrokinesis;
		};
/* End PBXContainerItemProxy section */

/* Begin PBXCopyFilesBuildPhase section */
		A4B8BED01B2E636400DF3964 /* Embed Frameworks */ = {
			isa = PBXCopyFilesBuildPhase;
			buildActionMask = 2147483647;
			dstPath = "";
			dstSubfolderSpec = 10;
			files = (
				A4B8BECF1B2E636400DF3964 /* Muse.framework in Embed Frameworks */,
			);
			name = "Embed Frameworks";
			runOnlyForDeploymentPostprocessing = 0;
		};
/* End PBXCopyFilesBuildPhase section */

/* Begin PBXFileReference section */
		A418759C1B34B93200A542E1 /* SettingsViewController.swift */ = {isa = PBXFileReference; fileEncoding = 4; lastKnownFileType = sourcecode.swift; path = SettingsViewController.swift; sourceTree = "<group>"; };
		A41875A01B34C05E00A542E1 /* TableViewSwitchCell.swift */ = {isa = PBXFileReference; fileEncoding = 4; lastKnownFileType = sourcecode.swift; path = TableViewSwitchCell.swift; sourceTree = "<group>"; };
		A41875A21B34CEE300A542E1 /* IPAddressViewController.swift */ = {isa = PBXFileReference; fileEncoding = 4; lastKnownFileType = sourcecode.swift; path = IPAddressViewController.swift; sourceTree = "<group>"; };
		A41875A41B34D41F00A542E1 /* PortNumberViewController.swift */ = {isa = PBXFileReference; fileEncoding = 4; lastKnownFileType = sourcecode.swift; path = PortNumberViewController.swift; sourceTree = "<group>"; };
		A41875A71B3B4C4A00A542E1 /* CorePlot-CocoaTouch.xcodeproj */ = {isa = PBXFileReference; lastKnownFileType = "wrapper.pb-project"; name = "CorePlot-CocoaTouch.xcodeproj"; path = "pyrokinesis.xcodeproj/../pyrokinesis/lib/core-plot/framework/CorePlot-CocoaTouch.xcodeproj"; sourceTree = "<group>"; };
		A41875B21B3B4CD600A542E1 /* QuartzCore.framework */ = {isa = PBXFileReference; lastKnownFileType = wrapper.framework; name = QuartzCore.framework; path = System/Library/Frameworks/QuartzCore.framework; sourceTree = SDKROOT; };
		A41875B81B3B5A3E00A542E1 /* Accelerate.framework */ = {isa = PBXFileReference; lastKnownFileType = wrapper.framework; name = Accelerate.framework; path = System/Library/Frameworks/Accelerate.framework; sourceTree = SDKROOT; };
		A41875BA1B3B61EC00A542E1 /* CPTMutablePlotRange+SwiftCompat.h */ = {isa = PBXFileReference; fileEncoding = 4; lastKnownFileType = sourcecode.c.h; path = "CPTMutablePlotRange+SwiftCompat.h"; sourceTree = "<group>"; };
		A41875BB1B3B61EC00A542E1 /* CPTMutablePlotRange+SwiftCompat.m */ = {isa = PBXFileReference; fileEncoding = 4; lastKnownFileType = sourcecode.c.objc; path = "CPTMutablePlotRange+SwiftCompat.m"; sourceTree = "<group>"; };
		A49365BE1B5C1A22008D3A42 /* GCDAsyncSocket.h */ = {isa = PBXFileReference; fileEncoding = 4; lastKnownFileType = sourcecode.c.h; name = GCDAsyncSocket.h; path = pyrokinesis/lib/gcd/GCDAsyncSocket.h; sourceTree = "<group>"; };
		A49365BF1B5C1A22008D3A42 /* GCDAsyncSocket.m */ = {isa = PBXFileReference; fileEncoding = 4; lastKnownFileType = sourcecode.c.objc; name = GCDAsyncSocket.m; path = pyrokinesis/lib/gcd/GCDAsyncSocket.m; sourceTree = "<group>"; };
		A49365C01B5C1A22008D3A42 /* GCDAsyncUdpSocket.h */ = {isa = PBXFileReference; fileEncoding = 4; lastKnownFileType = sourcecode.c.h; name = GCDAsyncUdpSocket.h; path = pyrokinesis/lib/gcd/GCDAsyncUdpSocket.h; sourceTree = "<group>"; };
		A49365C11B5C1A22008D3A42 /* GCDAsyncUdpSocket.m */ = {isa = PBXFileReference; fileEncoding = 4; lastKnownFileType = sourcecode.c.objc; name = GCDAsyncUdpSocket.m; path = pyrokinesis/lib/gcd/GCDAsyncUdpSocket.m; sourceTree = "<group>"; };
		A49365C41B5C36BD008D3A42 /* PyrokinesisSettings.swift */ = {isa = PBXFileReference; fileEncoding = 4; lastKnownFileType = sourcecode.swift; path = PyrokinesisSettings.swift; sourceTree = "<group>"; };
		A49365C71B5C39AF008D3A42 /* pyrokinesis.xcdatamodel */ = {isa = PBXFileReference; lastKnownFileType = wrapper.xcdatamodel; path = pyrokinesis.xcdatamodel; sourceTree = "<group>"; };
		A49365C91B5C4AB7008D3A42 /* UIFlameEffect.swift */ = {isa = PBXFileReference; fileEncoding = 4; lastKnownFileType = sourcecode.swift; path = UIFlameEffect.swift; sourceTree = "<group>"; };
		A49365CB1B5C5C93008D3A42 /* ControlViewController.swift */ = {isa = PBXFileReference; fileEncoding = 4; lastKnownFileType = sourcecode.swift; path = ControlViewController.swift; sourceTree = "<group>"; };
		A4B8BEA01B2E5C2900DF3964 /* pyrokinesis.app */ = {isa = PBXFileReference; explicitFileType = wrapper.application; includeInIndex = 0; path = pyrokinesis.app; sourceTree = BUILT_PRODUCTS_DIR; };
		A4B8BEA41B2E5C2900DF3964 /* Info.plist */ = {isa = PBXFileReference; lastKnownFileType = text.plist.xml; path = Info.plist; sourceTree = "<group>"; };
		A4B8BEA51B2E5C2900DF3964 /* AppDelegate.swift */ = {isa = PBXFileReference; lastKnownFileType = sourcecode.swift; path = AppDelegate.swift; sourceTree = "<group>"; };
		A4B8BEA71B2E5C2900DF3964 /* OverviewViewController.swift */ = {isa = PBXFileReference; lastKnownFileType = sourcecode.swift; path = OverviewViewController.swift; sourceTree = "<group>"; };
		A4B8BEAC1B2E5C2900DF3964 /* Base */ = {isa = PBXFileReference; lastKnownFileType = file.storyboard; name = Base; path = Base.lproj/Main.storyboard; sourceTree = "<group>"; };
		A4B8BEAE1B2E5C2900DF3964 /* Images.xcassets */ = {isa = PBXFileReference; lastKnownFileType = folder.assetcatalog; path = Images.xcassets; sourceTree = "<group>"; };
		A4B8BEB11B2E5C2900DF3964 /* Base */ = {isa = PBXFileReference; lastKnownFileType = file.xib; name = Base; path = Base.lproj/LaunchScreen.xib; sourceTree = "<group>"; };
		A4B8BEB71B2E5C2900DF3964 /* pyrokinesisTests.xctest */ = {isa = PBXFileReference; explicitFileType = wrapper.cfbundle; includeInIndex = 0; path = pyrokinesisTests.xctest; sourceTree = BUILT_PRODUCTS_DIR; };
		A4B8BEBC1B2E5C2900DF3964 /* Info.plist */ = {isa = PBXFileReference; lastKnownFileType = text.plist.xml; path = Info.plist; sourceTree = "<group>"; };
		A4B8BEBD1B2E5C2900DF3964 /* pyrokinesisTests.swift */ = {isa = PBXFileReference; lastKnownFileType = sourcecode.swift; path = pyrokinesisTests.swift; sourceTree = "<group>"; };
		A4B8BEC71B2E5F0600DF3964 /* Muse.framework */ = {isa = PBXFileReference; lastKnownFileType = wrapper.framework; name = Muse.framework; path = pyrokinesis/Muse.framework; sourceTree = "<group>"; };
		A4B8BECD1B2E623900DF3964 /* ObjCBridge.h */ = {isa = PBXFileReference; lastKnownFileType = sourcecode.c.h; path = ObjCBridge.h; sourceTree = "<group>"; };
		A4B8BED11B2E687300DF3964 /* MuseListener.swift */ = {isa = PBXFileReference; fileEncoding = 4; lastKnownFileType = sourcecode.swift; path = MuseListener.swift; sourceTree = "<group>"; };
/* End PBXFileReference section */

/* Begin PBXFrameworksBuildPhase section */
		A4B8BE9D1B2E5C2900DF3964 /* Frameworks */ = {
			isa = PBXFrameworksBuildPhase;
			buildActionMask = 2147483647;
			files = (
				A41875B91B3B5A3E00A542E1 /* Accelerate.framework in Frameworks */,
				A41875B31B3B4CD600A542E1 /* QuartzCore.framework in Frameworks */,
				A4B8BECE1B2E636400DF3964 /* Muse.framework in Frameworks */,
				A41875B11B3B4C8E00A542E1 /* libCorePlot-CocoaTouch.a in Frameworks */,
			);
			runOnlyForDeploymentPostprocessing = 0;
		};
		A4B8BEB41B2E5C2900DF3964 /* Frameworks */ = {
			isa = PBXFrameworksBuildPhase;
			buildActionMask = 2147483647;
			files = (
			);
			runOnlyForDeploymentPostprocessing = 0;
		};
/* End PBXFrameworksBuildPhase section */

/* Begin PBXGroup section */
		A41875A61B3B4C3F00A542E1 /* lib */ = {
			isa = PBXGroup;
			children = (
				A49365BB1B5C19FB008D3A42 /* GCD */,
				A41875A71B3B4C4A00A542E1 /* CorePlot-CocoaTouch.xcodeproj */,
			);
			name = lib;
			sourceTree = "<group>";
		};
		A41875A81B3B4C4A00A542E1 /* Products */ = {
			isa = PBXGroup;
			children = (
				A41875AE1B3B4C4A00A542E1 /* libCorePlot-CocoaTouch.a */,
			);
			name = Products;
			sourceTree = "<group>";
		};
		A49365BB1B5C19FB008D3A42 /* GCD */ = {
			isa = PBXGroup;
			children = (
				A49365BE1B5C1A22008D3A42 /* GCDAsyncSocket.h */,
				A49365BF1B5C1A22008D3A42 /* GCDAsyncSocket.m */,
				A49365C01B5C1A22008D3A42 /* GCDAsyncUdpSocket.h */,
				A49365C11B5C1A22008D3A42 /* GCDAsyncUdpSocket.m */,
			);
			name = GCD;
			sourceTree = "<group>";
		};
		A4B8BE971B2E5C2900DF3964 = {
			isa = PBXGroup;
			children = (
				A41875A61B3B4C3F00A542E1 /* lib */,
				A4B8BEC91B2E5F0D00DF3964 /* Frameworks */,
				A4B8BEA21B2E5C2900DF3964 /* pyrokinesis */,
				A4B8BEBA1B2E5C2900DF3964 /* pyrokinesisTests */,
				A4B8BEA11B2E5C2900DF3964 /* Products */,
			);
			sourceTree = "<group>";
		};
		A4B8BEA11B2E5C2900DF3964 /* Products */ = {
			isa = PBXGroup;
			children = (
				A4B8BEA01B2E5C2900DF3964 /* pyrokinesis.app */,
				A4B8BEB71B2E5C2900DF3964 /* pyrokinesisTests.xctest */,
			);
			name = Products;
			sourceTree = "<group>";
		};
		A4B8BEA21B2E5C2900DF3964 /* pyrokinesis */ = {
			isa = PBXGroup;
			children = (
				A4B8BECD1B2E623900DF3964 /* ObjCBridge.h */,
				A4B8BED11B2E687300DF3964 /* MuseListener.swift */,
				A4B8BEA51B2E5C2900DF3964 /* AppDelegate.swift */,
				A4B8BEA71B2E5C2900DF3964 /* OverviewViewController.swift */,
				A418759C1B34B93200A542E1 /* SettingsViewController.swift */,
				A49365CB1B5C5C93008D3A42 /* ControlViewController.swift */,
				A41875A21B34CEE300A542E1 /* IPAddressViewController.swift */,
				A41875A41B34D41F00A542E1 /* PortNumberViewController.swift */,
				A41875A01B34C05E00A542E1 /* TableViewSwitchCell.swift */,
				A49365C91B5C4AB7008D3A42 /* UIFlameEffect.swift */,
				A49365C41B5C36BD008D3A42 /* PyrokinesisSettings.swift */,
				A4B8BEAB1B2E5C2900DF3964 /* Main.storyboard */,
				A4B8BEAE1B2E5C2900DF3964 /* Images.xcassets */,
				A4B8BEB01B2E5C2900DF3964 /* LaunchScreen.xib */,
				A4B8BEA31B2E5C2900DF3964 /* Supporting Files */,
				A41875BA1B3B61EC00A542E1 /* CPTMutablePlotRange+SwiftCompat.h */,
				A41875BB1B3B61EC00A542E1 /* CPTMutablePlotRange+SwiftCompat.m */,
				A49365C61B5C39AF008D3A42 /* pyrokinesis.xcdatamodeld */,
			);
			path = pyrokinesis;
			sourceTree = "<group>";
		};
		A4B8BEA31B2E5C2900DF3964 /* Supporting Files */ = {
			isa = PBXGroup;
			children = (
				A4B8BEA41B2E5C2900DF3964 /* Info.plist */,
			);
			name = "Supporting Files";
			sourceTree = "<group>";
		};
		A4B8BEBA1B2E5C2900DF3964 /* pyrokinesisTests */ = {
			isa = PBXGroup;
			children = (
				A4B8BEBD1B2E5C2900DF3964 /* pyrokinesisTests.swift */,
				A4B8BEBB1B2E5C2900DF3964 /* Supporting Files */,
			);
			path = pyrokinesisTests;
			sourceTree = "<group>";
		};
		A4B8BEBB1B2E5C2900DF3964 /* Supporting Files */ = {
			isa = PBXGroup;
			children = (
				A4B8BEBC1B2E5C2900DF3964 /* Info.plist */,
			);
			name = "Supporting Files";
			sourceTree = "<group>";
		};
		A4B8BEC91B2E5F0D00DF3964 /* Frameworks */ = {
			isa = PBXGroup;
			children = (
				A41875B81B3B5A3E00A542E1 /* Accelerate.framework */,
				A41875B21B3B4CD600A542E1 /* QuartzCore.framework */,
				A4B8BEC71B2E5F0600DF3964 /* Muse.framework */,
			);
			name = Frameworks;
			sourceTree = "<group>";
		};
/* End PBXGroup section */

/* Begin PBXNativeTarget section */
		A4B8BE9F1B2E5C2900DF3964 /* pyrokinesis */ = {
			isa = PBXNativeTarget;
			buildConfigurationList = A4B8BEC11B2E5C2900DF3964 /* Build configuration list for PBXNativeTarget "pyrokinesis" */;
			buildPhases = (
				A4B8BE9C1B2E5C2900DF3964 /* Sources */,
				A4B8BE9D1B2E5C2900DF3964 /* Frameworks */,
				A4B8BE9E1B2E5C2900DF3964 /* Resources */,
				A4B8BED01B2E636400DF3964 /* Embed Frameworks */,
			);
			buildRules = (
			);
			dependencies = (
				A41875B01B3B4C5C00A542E1 /* PBXTargetDependency */,
			);
			name = pyrokinesis;
			productName = pyrokinesis;
			productReference = A4B8BEA01B2E5C2900DF3964 /* pyrokinesis.app */;
			productType = "com.apple.product-type.application";
		};
		A4B8BEB61B2E5C2900DF3964 /* pyrokinesisTests */ = {
			isa = PBXNativeTarget;
			buildConfigurationList = A4B8BEC41B2E5C2900DF3964 /* Build configuration list for PBXNativeTarget "pyrokinesisTests" */;
			buildPhases = (
				A4B8BEB31B2E5C2900DF3964 /* Sources */,
				A4B8BEB41B2E5C2900DF3964 /* Frameworks */,
				A4B8BEB51B2E5C2900DF3964 /* Resources */,
			);
			buildRules = (
			);
			dependencies = (
				A4B8BEB91B2E5C2900DF3964 /* PBXTargetDependency */,
			);
			name = pyrokinesisTests;
			productName = pyrokinesisTests;
			productReference = A4B8BEB71B2E5C2900DF3964 /* pyrokinesisTests.xctest */;
			productType = "com.apple.product-type.bundle.unit-test";
		};
/* End PBXNativeTarget section */

/* Begin PBXProject section */
		A4B8BE981B2E5C2900DF3964 /* Project object */ = {
			isa = PBXProject;
			attributes = {
				LastUpgradeCheck = 0630;
				ORGANIZATIONNAME = s3fa;
				TargetAttributes = {
					A4B8BE9F1B2E5C2900DF3964 = {
						CreatedOnToolsVersion = 6.3.1;
						DevelopmentTeam = LVH9CW27SE;
						SystemCapabilities = {
							com.apple.BackgroundModes = {
								enabled = 1;
							};
						};
					};
					A4B8BEB61B2E5C2900DF3964 = {
						CreatedOnToolsVersion = 6.3.1;
						TestTargetID = A4B8BE9F1B2E5C2900DF3964;
					};
				};
			};
			buildConfigurationList = A4B8BE9B1B2E5C2900DF3964 /* Build configuration list for PBXProject "pyrokinesis" */;
			compatibilityVersion = "Xcode 3.2";
			developmentRegion = English;
			hasScannedForEncodings = 0;
			knownRegions = (
				en,
				Base,
			);
			mainGroup = A4B8BE971B2E5C2900DF3964;
			productRefGroup = A4B8BEA11B2E5C2900DF3964 /* Products */;
			projectDirPath = "";
			projectReferences = (
				{
					ProductGroup = A41875A81B3B4C4A00A542E1 /* Products */;
					ProjectRef = A41875A71B3B4C4A00A542E1 /* CorePlot-CocoaTouch.xcodeproj */;
				},
			);
			projectRoot = "";
			targets = (
				A4B8BE9F1B2E5C2900DF3964 /* pyrokinesis */,
				A4B8BEB61B2E5C2900DF3964 /* pyrokinesisTests */,
			);
		};
/* End PBXProject section */

/* Begin PBXReferenceProxy section */
		A41875AE1B3B4C4A00A542E1 /* libCorePlot-CocoaTouch.a */ = {
			isa = PBXReferenceProxy;
			fileType = archive.ar;
			path = "libCorePlot-CocoaTouch.a";
			remoteRef = A41875AD1B3B4C4A00A542E1 /* PBXContainerItemProxy */;
			sourceTree = BUILT_PRODUCTS_DIR;
		};
/* End PBXReferenceProxy section */

/* Begin PBXResourcesBuildPhase section */
		A4B8BE9E1B2E5C2900DF3964 /* Resources */ = {
			isa = PBXResourcesBuildPhase;
			buildActionMask = 2147483647;
			files = (
				A4B8BEAD1B2E5C2900DF3964 /* Main.storyboard in Resources */,
				A4B8BEB21B2E5C2900DF3964 /* LaunchScreen.xib in Resources */,
				A4B8BEAF1B2E5C2900DF3964 /* Images.xcassets in Resources */,
			);
			runOnlyForDeploymentPostprocessing = 0;
		};
		A4B8BEB51B2E5C2900DF3964 /* Resources */ = {
			isa = PBXResourcesBuildPhase;
			buildActionMask = 2147483647;
			files = (
			);
			runOnlyForDeploymentPostprocessing = 0;
		};
/* End PBXResourcesBuildPhase section */

/* Begin PBXSourcesBuildPhase section */
		A4B8BE9C1B2E5C2900DF3964 /* Sources */ = {
			isa = PBXSourcesBuildPhase;
			buildActionMask = 2147483647;
			files = (
				A41875A31B34CEE300A542E1 /* IPAddressViewController.swift in Sources */,
				A4B8BED21B2E687300DF3964 /* MuseListener.swift in Sources */,
				A4B8BEA61B2E5C2900DF3964 /* AppDelegate.swift in Sources */,
				A41875A51B34D41F00A542E1 /* PortNumberViewController.swift in Sources */,
				A49365C81B5C39AF008D3A42 /* pyrokinesis.xcdatamodeld in Sources */,
				A41875A11B34C05E00A542E1 /* TableViewSwitchCell.swift in Sources */,
				A49365CC1B5C5C93008D3A42 /* ControlViewController.swift in Sources */,
				A4B8BEA81B2E5C2900DF3964 /* OverviewViewController.swift in Sources */,
				A49365C31B5C1A22008D3A42 /* GCDAsyncUdpSocket.m in Sources */,
				A49365C21B5C1A22008D3A42 /* GCDAsyncSocket.m in Sources */,
				A418759D1B34B93200A542E1 /* SettingsViewController.swift in Sources */,
				A49365C51B5C36BD008D3A42 /* PyrokinesisSettings.swift in Sources */,
				A49365CA1B5C4AB7008D3A42 /* UIFlameEffect.swift in Sources */,
				A41875BC1B3B61EC00A542E1 /* CPTMutablePlotRange+SwiftCompat.m in Sources */,
			);
			runOnlyForDeploymentPostprocessing = 0;
		};
		A4B8BEB31B2E5C2900DF3964 /* Sources */ = {
			isa = PBXSourcesBuildPhase;
			buildActionMask = 2147483647;
			files = (
				A4B8BEBE1B2E5C2900DF3964 /* pyrokinesisTests.swift in Sources */,
			);
			runOnlyForDeploymentPostprocessing = 0;
		};
/* End PBXSourcesBuildPhase section */

/* Begin PBXTargetDependency section */
		A41875B01B3B4C5C00A542E1 /* PBXTargetDependency */ = {
			isa = PBXTargetDependency;
			name = "CorePlot-CocoaTouch";
			targetProxy = A41875AF1B3B4C5C00A542E1 /* PBXContainerItemProxy */;
		};
		A4B8BEB91B2E5C2900DF3964 /* PBXTargetDependency */ = {
			isa = PBXTargetDependency;
			target = A4B8BE9F1B2E5C2900DF3964 /* pyrokinesis */;
			targetProxy = A4B8BEB81B2E5C2900DF3964 /* PBXContainerItemProxy */;
		};
/* End PBXTargetDependency section */

/* Begin PBXVariantGroup section */
		A4B8BEAB1B2E5C2900DF3964 /* Main.storyboard */ = {
			isa = PBXVariantGroup;
			children = (
				A4B8BEAC1B2E5C2900DF3964 /* Base */,
			);
			name = Main.storyboard;
			sourceTree = "<group>";
		};
		A4B8BEB01B2E5C2900DF3964 /* LaunchScreen.xib */ = {
			isa = PBXVariantGroup;
			children = (
				A4B8BEB11B2E5C2900DF3964 /* Base */,
			);
			name = LaunchScreen.xib;
			sourceTree = "<group>";
		};
/* End PBXVariantGroup section */

/* Begin XCBuildConfiguration section */
		A4B8BEBF1B2E5C2900DF3964 /* Debug */ = {
			isa = XCBuildConfiguration;
			buildSettings = {
				ALWAYS_SEARCH_USER_PATHS = NO;
				CLANG_CXX_LANGUAGE_STANDARD = "gnu++0x";
				CLANG_CXX_LIBRARY = "libc++";
				CLANG_ENABLE_MODULES = YES;
				CLANG_ENABLE_OBJC_ARC = YES;
				CLANG_WARN_BOOL_CONVERSION = YES;
				CLANG_WARN_CONSTANT_CONVERSION = YES;
				CLANG_WARN_DIRECT_OBJC_ISA_USAGE = YES_ERROR;
				CLANG_WARN_EMPTY_BODY = YES;
				CLANG_WARN_ENUM_CONVERSION = YES;
				CLANG_WARN_INT_CONVERSION = YES;
				CLANG_WARN_OBJC_ROOT_CLASS = YES_ERROR;
				CLANG_WARN_UNREACHABLE_CODE = YES;
				CLANG_WARN__DUPLICATE_METHOD_MATCH = YES;
				"CODE_SIGN_IDENTITY[sdk=iphoneos*]" = "iPhone Developer";
				COPY_PHASE_STRIP = NO;
				DEBUG_INFORMATION_FORMAT = "dwarf-with-dsym";
				ENABLE_STRICT_OBJC_MSGSEND = YES;
				GCC_C_LANGUAGE_STANDARD = gnu99;
				GCC_DYNAMIC_NO_PIC = NO;
				GCC_NO_COMMON_BLOCKS = YES;
				GCC_OPTIMIZATION_LEVEL = 0;
				GCC_PREPROCESSOR_DEFINITIONS = (
					"DEBUG=1",
					"$(inherited)",
				);
				GCC_SYMBOLS_PRIVATE_EXTERN = NO;
				GCC_WARN_64_TO_32_BIT_CONVERSION = YES;
				GCC_WARN_ABOUT_RETURN_TYPE = YES_ERROR;
				GCC_WARN_UNDECLARED_SELECTOR = YES;
				GCC_WARN_UNINITIALIZED_AUTOS = YES_AGGRESSIVE;
				GCC_WARN_UNUSED_FUNCTION = YES;
				GCC_WARN_UNUSED_VARIABLE = YES;
				IPHONEOS_DEPLOYMENT_TARGET = 8.3;
				MTL_ENABLE_DEBUG_INFO = YES;
				ONLY_ACTIVE_ARCH = YES;
				SDKROOT = iphoneos;
				SWIFT_OPTIMIZATION_LEVEL = "-Onone";
				TARGETED_DEVICE_FAMILY = "1,2";
			};
			name = Debug;
		};
		A4B8BEC01B2E5C2900DF3964 /* Release */ = {
			isa = XCBuildConfiguration;
			buildSettings = {
				ALWAYS_SEARCH_USER_PATHS = NO;
				CLANG_CXX_LANGUAGE_STANDARD = "gnu++0x";
				CLANG_CXX_LIBRARY = "libc++";
				CLANG_ENABLE_MODULES = YES;
				CLANG_ENABLE_OBJC_ARC = YES;
				CLANG_WARN_BOOL_CONVERSION = YES;
				CLANG_WARN_CONSTANT_CONVERSION = YES;
				CLANG_WARN_DIRECT_OBJC_ISA_USAGE = YES_ERROR;
				CLANG_WARN_EMPTY_BODY = YES;
				CLANG_WARN_ENUM_CONVERSION = YES;
				CLANG_WARN_INT_CONVERSION = YES;
				CLANG_WARN_OBJC_ROOT_CLASS = YES_ERROR;
				CLANG_WARN_UNREACHABLE_CODE = YES;
				CLANG_WARN__DUPLICATE_METHOD_MATCH = YES;
				"CODE_SIGN_IDENTITY[sdk=iphoneos*]" = "iPhone Developer";
				COPY_PHASE_STRIP = NO;
				DEBUG_INFORMATION_FORMAT = "dwarf-with-dsym";
				ENABLE_NS_ASSERTIONS = NO;
				ENABLE_STRICT_OBJC_MSGSEND = YES;
				GCC_C_LANGUAGE_STANDARD = gnu99;
				GCC_NO_COMMON_BLOCKS = YES;
				GCC_WARN_64_TO_32_BIT_CONVERSION = YES;
				GCC_WARN_ABOUT_RETURN_TYPE = YES_ERROR;
				GCC_WARN_UNDECLARED_SELECTOR = YES;
				GCC_WARN_UNINITIALIZED_AUTOS = YES_AGGRESSIVE;
				GCC_WARN_UNUSED_FUNCTION = YES;
				GCC_WARN_UNUSED_VARIABLE = YES;
				IPHONEOS_DEPLOYMENT_TARGET = 8.3;
				MTL_ENABLE_DEBUG_INFO = NO;
				SDKROOT = iphoneos;
				TARGETED_DEVICE_FAMILY = "1,2";
				VALIDATE_PRODUCT = YES;
			};
			name = Release;
		};
		A4B8BEC21B2E5C2900DF3964 /* Debug */ = {
			isa = XCBuildConfiguration;
			buildSettings = {
				ASSETCATALOG_COMPILER_APPICON_NAME = AppIcon;
				CLANG_ENABLE_MODULES = YES;
				CODE_SIGN_IDENTITY = "iPhone Developer";
				FRAMEWORK_SEARCH_PATHS = (
					"$(inherited)",
					"$(PROJECT_DIR)/pyrokinesis",
				);
				HEADER_SEARCH_PATHS = (
					"$(inherited)",
					/Applications/Xcode.app/Contents/Developer/Toolchains/XcodeDefault.xctoolchain/usr/include,
					"$(SRCROOT)/pyrokinesis/lib/core-plot/framework/**",
				);
				INFOPLIST_FILE = pyrokinesis/Info.plist;
				LD_RUNPATH_SEARCH_PATHS = "$(inherited) @executable_path/Frameworks";
				OTHER_LDFLAGS = "-ObjC";
				PRODUCT_NAME = "$(TARGET_NAME)";
				"SWIFT_OBJC_BRIDGING_HEADER[arch=*]" = pyrokinesis/ObjCBridge.h;
				SWIFT_OPTIMIZATION_LEVEL = "-Onone";
			};
			name = Debug;
		};
		A4B8BEC31B2E5C2900DF3964 /* Release */ = {
			isa = XCBuildConfiguration;
			buildSettings = {
				ASSETCATALOG_COMPILER_APPICON_NAME = AppIcon;
				CLANG_ENABLE_MODULES = YES;
				CODE_SIGN_IDENTITY = "iPhone Developer";
				FRAMEWORK_SEARCH_PATHS = (
					"$(inherited)",
					"$(PROJECT_DIR)/pyrokinesis",
				);
				HEADER_SEARCH_PATHS = (
					"$(inherited)",
					/Applications/Xcode.app/Contents/Developer/Toolchains/XcodeDefault.xctoolchain/usr/include,
					"$(SRCROOT)/pyrokinesis/lib/core-plot/framework/**",
				);
				INFOPLIST_FILE = pyrokinesis/Info.plist;
				LD_RUNPATH_SEARCH_PATHS = "$(inherited) @executable_path/Frameworks";
				OTHER_LDFLAGS = "-ObjC";
				PRODUCT_NAME = "$(TARGET_NAME)";
				"SWIFT_OBJC_BRIDGING_HEADER[arch=*]" = pyrokinesis/ObjCBridge.h;
			};
			name = Release;
		};
		A4B8BEC51B2E5C2900DF3964 /* Debug */ = {
			isa = XCBuildConfiguration;
			buildSettings = {
				BUNDLE_LOADER = "$(TEST_HOST)";
				FRAMEWORK_SEARCH_PATHS = (
					"$(SDKROOT)/Developer/Library/Frameworks",
					"$(inherited)",
				);
				GCC_PREPROCESSOR_DEFINITIONS = (
					"DEBUG=1",
					"$(inherited)",
				);
				INFOPLIST_FILE = pyrokinesisTests/Info.plist;
				LD_RUNPATH_SEARCH_PATHS = "$(inherited) @executable_path/Frameworks @loader_path/Frameworks";
				PRODUCT_NAME = "$(TARGET_NAME)";
				TEST_HOST = "$(BUILT_PRODUCTS_DIR)/pyrokinesis.app/pyrokinesis";
			};
			name = Debug;
		};
		A4B8BEC61B2E5C2900DF3964 /* Release */ = {
			isa = XCBuildConfiguration;
			buildSettings = {
				BUNDLE_LOADER = "$(TEST_HOST)";
				FRAMEWORK_SEARCH_PATHS = (
					"$(SDKROOT)/Developer/Library/Frameworks",
					"$(inherited)",
				);
				INFOPLIST_FILE = pyrokinesisTests/Info.plist;
				LD_RUNPATH_SEARCH_PATHS = "$(inherited) @executable_path/Frameworks @loader_path/Frameworks";
				PRODUCT_NAME = "$(TARGET_NAME)";
				TEST_HOST = "$(BUILT_PRODUCTS_DIR)/pyrokinesis.app/pyrokinesis";
			};
			name = Release;
		};
/* End XCBuildConfiguration section */

/* Begin XCConfigurationList section */
		A4B8BE9B1B2E5C2900DF3964 /* Build configuration list for PBXProject "pyrokinesis" */ = {
			isa = XCConfigurationList;
			buildConfigurations = (
				A4B8BEBF1B2E5C2900DF3964 /* Debug */,
				A4B8BEC01B2E5C2900DF3964 /* Release */,
			);
			defaultConfigurationIsVisible = 0;
			defaultConfigurationName = Release;
		};
		A4B8BEC11B2E5C2900DF3964 /* Build configuration list for PBXNativeTarget "pyrokinesis" */ = {
			isa = XCConfigurationList;
			buildConfigurations = (
				A4B8BEC21B2E5C2900DF3964 /* Debug */,
				A4B8BEC31B2E5C2900DF3964 /* Release */,
			);
			defaultConfigurationIsVisible = 0;
			defaultConfigurationName = Release;
		};
		A4B8BEC41B2E5C2900DF3964 /* Build configuration list for PBXNativeTarget "pyrokinesisTests" */ = {
			isa = XCConfigurationList;
			buildConfigurations = (
				A4B8BEC51B2E5C2900DF3964 /* Debug */,
				A4B8BEC61B2E5C2900DF3964 /* Release */,
			);
			defaultConfigurationIsVisible = 0;
			defaultConfigurationName = Release;
		};
/* End XCConfigurationList section */

/* Begin XCVersionGroup section */
		A49365C61B5C39AF008D3A42 /* pyrokinesis.xcdatamodeld */ = {
			isa = XCVersionGroup;
			children = (
				A49365C71B5C39AF008D3A42 /* pyrokinesis.xcdatamodel */,
			);
			currentVersion = A49365C71B5C39AF008D3A42 /* pyrokinesis.xcdatamodel */;
			path = pyrokinesis.xcdatamodeld;
			sourceTree = "<group>";
			versionGroupType = wrapper.xcdatamodel;
		};
/* End XCVersionGroup section */
	};
	rootObject = A4B8BE981B2E5C2900DF3964 /* Project object */;
}
